// !$*UTF8*$!
{
	archiveVersion = 1;
	classes = {
	};
	objectVersion = 50;
	objects = {

/* Begin PBXBuildFile section */
		AC6C1BF520981C77001DB361 /* AppDelegate.swift in Sources */ = {isa = PBXBuildFile; fileRef = AC6C1BF420981C77001DB361 /* AppDelegate.swift */; };
		AC6C1BFA20981C77001DB361 /* Main.storyboard in Resources */ = {isa = PBXBuildFile; fileRef = AC6C1BF820981C77001DB361 /* Main.storyboard */; };
		AC6C1BFC20981C7B001DB361 /* Assets.xcassets in Resources */ = {isa = PBXBuildFile; fileRef = AC6C1BFB20981C7B001DB361 /* Assets.xcassets */; };
		AC6C1BFF20981C7B001DB361 /* LaunchScreen.storyboard in Resources */ = {isa = PBXBuildFile; fileRef = AC6C1BFD20981C7B001DB361 /* LaunchScreen.storyboard */; };
		AC6C1C08209822B2001DB361 /* NavigationBarController.swift in Sources */ = {isa = PBXBuildFile; fileRef = AC6C1C07209822B2001DB361 /* NavigationBarController.swift */; };
		AC6C1C0B20982CB9001DB361 /* UIView_Designable.swift in Sources */ = {isa = PBXBuildFile; fileRef = AC6C1C0A20982CB9001DB361 /* UIView_Designable.swift */; };
		AC6C1C0D20982E6A001DB361 /* Colors.swift in Sources */ = {isa = PBXBuildFile; fileRef = AC6C1C0C20982E6A001DB361 /* Colors.swift */; };
		AC6C1C0F209836FA001DB361 /* HomeViewController.swift in Sources */ = {isa = PBXBuildFile; fileRef = AC6C1C0E209836FA001DB361 /* HomeViewController.swift */; };
		AC6C1C132098B215001DB361 /* CoreLocation.framework in Frameworks */ = {isa = PBXBuildFile; fileRef = AC6C1C122098B215001DB361 /* CoreLocation.framework */; };
		AC6C1C16209962C2001DB361 /* Extension_Loading.swift in Sources */ = {isa = PBXBuildFile; fileRef = AC6C1C15209962C2001DB361 /* Extension_Loading.swift */; };
		AC83829A209AC5A300770855 /* UIButton_Designable.swift in Sources */ = {isa = PBXBuildFile; fileRef = AC838299209AC5A300770855 /* UIButton_Designable.swift */; };
		AC83829D209C16D300770855 /* RestaurantCell.swift in Sources */ = {isa = PBXBuildFile; fileRef = AC83829B209C16D300770855 /* RestaurantCell.swift */; };
		AC83829E209C16D300770855 /* RestaurantCell.xib in Resources */ = {isa = PBXBuildFile; fileRef = AC83829C209C16D300770855 /* RestaurantCell.xib */; };
		AC8382A1209D718000770855 /* DetailView.storyboard in Resources */ = {isa = PBXBuildFile; fileRef = AC8382A0209D718000770855 /* DetailView.storyboard */; };
		AC8382A3209D74FE00770855 /* DetailViewController.swift in Sources */ = {isa = PBXBuildFile; fileRef = AC8382A2209D74FE00770855 /* DetailViewController.swift */; };
		AC8382A520A1324400770855 /* MapKit.framework in Frameworks */ = {isa = PBXBuildFile; fileRef = AC8382A420A1324400770855 /* MapKit.framework */; };
/* End PBXBuildFile section */

/* Begin PBXFileReference section */
		AC6C1BF120981C77001DB361 /* Fenrir_2019.app */ = {isa = PBXFileReference; explicitFileType = wrapper.application; includeInIndex = 0; path = Fenrir_2019.app; sourceTree = BUILT_PRODUCTS_DIR; };
		AC6C1BF420981C77001DB361 /* AppDelegate.swift */ = {isa = PBXFileReference; lastKnownFileType = sourcecode.swift; path = AppDelegate.swift; sourceTree = "<group>"; };
		AC6C1BF920981C77001DB361 /* Base */ = {isa = PBXFileReference; lastKnownFileType = file.storyboard; name = Base; path = Base.lproj/Main.storyboard; sourceTree = "<group>"; };
		AC6C1BFB20981C7B001DB361 /* Assets.xcassets */ = {isa = PBXFileReference; lastKnownFileType = folder.assetcatalog; path = Assets.xcassets; sourceTree = "<group>"; };
		AC6C1BFE20981C7B001DB361 /* Base */ = {isa = PBXFileReference; lastKnownFileType = file.storyboard; name = Base; path = Base.lproj/LaunchScreen.storyboard; sourceTree = "<group>"; };
		AC6C1C0020981C7B001DB361 /* Info.plist */ = {isa = PBXFileReference; lastKnownFileType = text.plist.xml; path = Info.plist; sourceTree = "<group>"; };
		AC6C1C07209822B2001DB361 /* NavigationBarController.swift */ = {isa = PBXFileReference; lastKnownFileType = sourcecode.swift; path = NavigationBarController.swift; sourceTree = "<group>"; };
		AC6C1C0A20982CB9001DB361 /* UIView_Designable.swift */ = {isa = PBXFileReference; lastKnownFileType = sourcecode.swift; path = UIView_Designable.swift; sourceTree = "<group>"; };
		AC6C1C0C20982E6A001DB361 /* Colors.swift */ = {isa = PBXFileReference; lastKnownFileType = sourcecode.swift; path = Colors.swift; sourceTree = "<group>"; };
		AC6C1C0E209836FA001DB361 /* HomeViewController.swift */ = {isa = PBXFileReference; lastKnownFileType = sourcecode.swift; path = HomeViewController.swift; sourceTree = "<group>"; };
		AC6C1C122098B215001DB361 /* CoreLocation.framework */ = {isa = PBXFileReference; lastKnownFileType = wrapper.framework; name = CoreLocation.framework; path = System/Library/Frameworks/CoreLocation.framework; sourceTree = SDKROOT; };
		AC6C1C15209962C2001DB361 /* Extension_Loading.swift */ = {isa = PBXFileReference; lastKnownFileType = sourcecode.swift; path = Extension_Loading.swift; sourceTree = "<group>"; };
		AC838299209AC5A300770855 /* UIButton_Designable.swift */ = {isa = PBXFileReference; lastKnownFileType = sourcecode.swift; path = UIButton_Designable.swift; sourceTree = "<group>"; };
		AC83829B209C16D300770855 /* RestaurantCell.swift */ = {isa = PBXFileReference; lastKnownFileType = sourcecode.swift; path = RestaurantCell.swift; sourceTree = "<group>"; };
		AC83829C209C16D300770855 /* RestaurantCell.xib */ = {isa = PBXFileReference; lastKnownFileType = file.xib; path = RestaurantCell.xib; sourceTree = "<group>"; };
		AC8382A0209D718000770855 /* DetailView.storyboard */ = {isa = PBXFileReference; lastKnownFileType = file.storyboard; path = DetailView.storyboard; sourceTree = "<group>"; };
		AC8382A2209D74FE00770855 /* DetailViewController.swift */ = {isa = PBXFileReference; lastKnownFileType = sourcecode.swift; path = DetailViewController.swift; sourceTree = "<group>"; };
		AC8382A420A1324400770855 /* MapKit.framework */ = {isa = PBXFileReference; lastKnownFileType = wrapper.framework; name = MapKit.framework; path = System/Library/Frameworks/MapKit.framework; sourceTree = SDKROOT; };
/* End PBXFileReference section */

/* Begin PBXFrameworksBuildPhase section */
		AC6C1BEE20981C77001DB361 /* Frameworks */ = {
			isa = PBXFrameworksBuildPhase;
			buildActionMask = 2147483647;
			files = (
				AC8382A520A1324400770855 /* MapKit.framework in Frameworks */,
				AC6C1C132098B215001DB361 /* CoreLocation.framework in Frameworks */,
			);
			runOnlyForDeploymentPostprocessing = 0;
		};
/* End PBXFrameworksBuildPhase section */

/* Begin PBXGroup section */
		AC6C1BE820981C77001DB361 = {
			isa = PBXGroup;
			children = (
				AC6C1BF320981C77001DB361 /* Fenrir_2019 */,
				AC6C1BF220981C77001DB361 /* Products */,
				AC6C1C112098B215001DB361 /* Frameworks */,
			);
			sourceTree = "<group>";
		};
		AC6C1BF220981C77001DB361 /* Products */ = {
			isa = PBXGroup;
			children = (
				AC6C1BF120981C77001DB361 /* Fenrir_2019.app */,
			);
			name = Products;
			sourceTree = "<group>";
		};
		AC6C1BF320981C77001DB361 /* Fenrir_2019 */ = {
			isa = PBXGroup;
			children = (
				AC6C1C1420996298001DB361 /* Extensions */,
				AC6C1C0620982277001DB361 /* View */,
				AC6C1BF420981C77001DB361 /* AppDelegate.swift */,
				AC6C1BFB20981C7B001DB361 /* Assets.xcassets */,
				AC6C1BFD20981C7B001DB361 /* LaunchScreen.storyboard */,
				AC6C1C0020981C7B001DB361 /* Info.plist */,
			);
			path = Fenrir_2019;
			sourceTree = "<group>";
		};
		AC6C1C0620982277001DB361 /* View */ = {
			isa = PBXGroup;
			children = (
				AC83829F209D714400770855 /* DetailView */,
				AC6C1C1020983723001DB361 /* HomeView */,
				AC6C1C0920982C95001DB361 /* UIDesignables */,
				AC6C1C07209822B2001DB361 /* NavigationBarController.swift */,
			);
			path = View;
			sourceTree = "<group>";
		};
		AC6C1C0920982C95001DB361 /* UIDesignables */ = {
			isa = PBXGroup;
			children = (
				AC6C1C0A20982CB9001DB361 /* UIView_Designable.swift */,
				AC6C1C0C20982E6A001DB361 /* Colors.swift */,
				AC838299209AC5A300770855 /* UIButton_Designable.swift */,
			);
			path = UIDesignables;
			sourceTree = "<group>";
		};
		AC6C1C1020983723001DB361 /* HomeView */ = {
			isa = PBXGroup;
			children = (
				AC6C1C0E209836FA001DB361 /* HomeViewController.swift */,
				AC6C1BF820981C77001DB361 /* Main.storyboard */,
				AC83829B209C16D300770855 /* RestaurantCell.swift */,
				AC83829C209C16D300770855 /* RestaurantCell.xib */,
			);
			path = HomeView;
			sourceTree = "<group>";
		};
		AC6C1C112098B215001DB361 /* Frameworks */ = {
			isa = PBXGroup;
			children = (
				AC8382A420A1324400770855 /* MapKit.framework */,
				AC6C1C122098B215001DB361 /* CoreLocation.framework */,
			);
			name = Frameworks;
			sourceTree = "<group>";
		};
		AC6C1C1420996298001DB361 /* Extensions */ = {
			isa = PBXGroup;
			children = (
				AC6C1C15209962C2001DB361 /* Extension_Loading.swift */,
			);
			path = Extensions;
			sourceTree = "<group>";
		};
		AC83829F209D714400770855 /* DetailView */ = {
			isa = PBXGroup;
			children = (
				AC8382A0209D718000770855 /* DetailView.storyboard */,
				AC8382A2209D74FE00770855 /* DetailViewController.swift */,
			);
			path = DetailView;
			sourceTree = "<group>";
		};
/* End PBXGroup section */

/* Begin PBXNativeTarget section */
		AC6C1BF020981C77001DB361 /* Fenrir_2019 */ = {
			isa = PBXNativeTarget;
			buildConfigurationList = AC6C1C0320981C7B001DB361 /* Build configuration list for PBXNativeTarget "Fenrir_2019" */;
			buildPhases = (
				AC6C1BED20981C77001DB361 /* Sources */,
				AC6C1BEE20981C77001DB361 /* Frameworks */,
				AC6C1BEF20981C77001DB361 /* Resources */,
			);
			buildRules = (
			);
			dependencies = (
			);
			name = Fenrir_2019;
			productName = Fenrir_2019;
			productReference = AC6C1BF120981C77001DB361 /* Fenrir_2019.app */;
			productType = "com.apple.product-type.application";
		};
/* End PBXNativeTarget section */

/* Begin PBXProject section */
		AC6C1BE920981C77001DB361 /* Project object */ = {
			isa = PBXProject;
			attributes = {
				LastSwiftUpdateCheck = 0930;
				LastUpgradeCheck = 0930;
				ORGANIZATIONNAME = guest;
				TargetAttributes = {
					AC6C1BF020981C77001DB361 = {
						CreatedOnToolsVersion = 9.3;
					};
				};
			};
			buildConfigurationList = AC6C1BEC20981C77001DB361 /* Build configuration list for PBXProject "Fenrir_2019" */;
			compatibilityVersion = "Xcode 9.3";
			developmentRegion = en;
			hasScannedForEncodings = 0;
			knownRegions = (
				en,
				Base,
			);
			mainGroup = AC6C1BE820981C77001DB361;
			productRefGroup = AC6C1BF220981C77001DB361 /* Products */;
			projectDirPath = "";
			projectRoot = "";
			targets = (
				AC6C1BF020981C77001DB361 /* Fenrir_2019 */,
			);
		};
/* End PBXProject section */

/* Begin PBXResourcesBuildPhase section */
		AC6C1BEF20981C77001DB361 /* Resources */ = {
			isa = PBXResourcesBuildPhase;
			buildActionMask = 2147483647;
			files = (
				AC83829E209C16D300770855 /* RestaurantCell.xib in Resources */,
				AC6C1BFF20981C7B001DB361 /* LaunchScreen.storyboard in Resources */,
				AC6C1BFC20981C7B001DB361 /* Assets.xcassets in Resources */,
				AC8382A1209D718000770855 /* DetailView.storyboard in Resources */,
				AC6C1BFA20981C77001DB361 /* Main.storyboard in Resources */,
			);
			runOnlyForDeploymentPostprocessing = 0;
		};
/* End PBXResourcesBuildPhase section */

/* Begin PBXSourcesBuildPhase section */
		AC6C1BED20981C77001DB361 /* Sources */ = {
			isa = PBXSourcesBuildPhase;
			buildActionMask = 2147483647;
			files = (
				AC8382A3209D74FE00770855 /* DetailViewController.swift in Sources */,
				AC83829D209C16D300770855 /* RestaurantCell.swift in Sources */,
				AC6C1C16209962C2001DB361 /* Extension_Loading.swift in Sources */,
				AC6C1C0F209836FA001DB361 /* HomeViewController.swift in Sources */,
				AC6C1C0B20982CB9001DB361 /* UIView_Designable.swift in Sources */,
				AC6C1C0D20982E6A001DB361 /* Colors.swift in Sources */,
				AC6C1C08209822B2001DB361 /* NavigationBarController.swift in Sources */,
				AC6C1BF520981C77001DB361 /* AppDelegate.swift in Sources */,
				AC83829A209AC5A300770855 /* UIButton_Designable.swift in Sources */,
			);
			runOnlyForDeploymentPostprocessing = 0;
		};
/* End PBXSourcesBuildPhase section */

/* Begin PBXVariantGroup section */
		AC6C1BF820981C77001DB361 /* Main.storyboard */ = {
			isa = PBXVariantGroup;
			children = (
				AC6C1BF920981C77001DB361 /* Base */,
			);
			name = Main.storyboard;
			sourceTree = "<group>";
		};
		AC6C1BFD20981C7B001DB361 /* LaunchScreen.storyboard */ = {
			isa = PBXVariantGroup;
			children = (
				AC6C1BFE20981C7B001DB361 /* Base */,
			);
			name = LaunchScreen.storyboard;
			sourceTree = "<group>";
		};
/* End PBXVariantGroup section */

/* Begin XCBuildConfiguration section */
		AC6C1C0120981C7B001DB361 /* Debug */ = {
			isa = XCBuildConfiguration;
			buildSettings = {
				ALWAYS_SEARCH_USER_PATHS = NO;
				CLANG_ANALYZER_NONNULL = YES;
				CLANG_ANALYZER_NUMBER_OBJECT_CONVERSION = YES_AGGRESSIVE;
				CLANG_CXX_LANGUAGE_STANDARD = "gnu++14";
				CLANG_CXX_LIBRARY = "libc++";
				CLANG_ENABLE_MODULES = YES;
				CLANG_ENABLE_OBJC_ARC = YES;
				CLANG_ENABLE_OBJC_WEAK = YES;
				CLANG_WARN_BLOCK_CAPTURE_AUTORELEASING = YES;
				CLANG_WARN_BOOL_CONVERSION = YES;
				CLANG_WARN_COMMA = YES;
				CLANG_WARN_CONSTANT_CONVERSION = YES;
				CLANG_WARN_DEPRECATED_OBJC_IMPLEMENTATIONS = YES;
				CLANG_WARN_DIRECT_OBJC_ISA_USAGE = YES_ERROR;
				CLANG_WARN_DOCUMENTATION_COMMENTS = YES;
				CLANG_WARN_EMPTY_BODY = YES;
				CLANG_WARN_ENUM_CONVERSION = YES;
				CLANG_WARN_INFINITE_RECURSION = YES;
				CLANG_WARN_INT_CONVERSION = YES;
				CLANG_WARN_NON_LITERAL_NULL_CONVERSION = YES;
				CLANG_WARN_OBJC_IMPLICIT_RETAIN_SELF = YES;
				CLANG_WARN_OBJC_LITERAL_CONVERSION = YES;
				CLANG_WARN_OBJC_ROOT_CLASS = YES_ERROR;
				CLANG_WARN_RANGE_LOOP_ANALYSIS = YES;
				CLANG_WARN_STRICT_PROTOTYPES = YES;
				CLANG_WARN_SUSPICIOUS_MOVE = YES;
				CLANG_WARN_UNGUARDED_AVAILABILITY = YES_AGGRESSIVE;
				CLANG_WARN_UNREACHABLE_CODE = YES;
				CLANG_WARN__DUPLICATE_METHOD_MATCH = YES;
				CODE_SIGN_IDENTITY = "iPhone Developer";
				COPY_PHASE_STRIP = NO;
				DEBUG_INFORMATION_FORMAT = dwarf;
				ENABLE_STRICT_OBJC_MSGSEND = YES;
				ENABLE_TESTABILITY = YES;
				GCC_C_LANGUAGE_STANDARD = gnu11;
				GCC_DYNAMIC_NO_PIC = NO;
				GCC_NO_COMMON_BLOCKS = YES;
				GCC_OPTIMIZATION_LEVEL = 0;
				GCC_PREPROCESSOR_DEFINITIONS = (
					"DEBUG=1",
					"$(inherited)",
				);
				GCC_WARN_64_TO_32_BIT_CONVERSION = YES;
				GCC_WARN_ABOUT_RETURN_TYPE = YES_ERROR;
				GCC_WARN_UNDECLARED_SELECTOR = YES;
				GCC_WARN_UNINITIALIZED_AUTOS = YES_AGGRESSIVE;
				GCC_WARN_UNUSED_FUNCTION = YES;
				GCC_WARN_UNUSED_VARIABLE = YES;
				IPHONEOS_DEPLOYMENT_TARGET = 11.3;
				MTL_ENABLE_DEBUG_INFO = YES;
				ONLY_ACTIVE_ARCH = YES;
				SDKROOT = iphoneos;
				SWIFT_ACTIVE_COMPILATION_CONDITIONS = DEBUG;
				SWIFT_OPTIMIZATION_LEVEL = "-Onone";
			};
			name = Debug;
		};
		AC6C1C0220981C7B001DB361 /* Release */ = {
			isa = XCBuildConfiguration;
			buildSettings = {
				ALWAYS_SEARCH_USER_PATHS = NO;
				CLANG_ANALYZER_NONNULL = YES;
				CLANG_ANALYZER_NUMBER_OBJECT_CONVERSION = YES_AGGRESSIVE;
				CLANG_CXX_LANGUAGE_STANDARD = "gnu++14";
				CLANG_CXX_LIBRARY = "libc++";
				CLANG_ENABLE_MODULES = YES;
				CLANG_ENABLE_OBJC_ARC = YES;
				CLANG_ENABLE_OBJC_WEAK = YES;
				CLANG_WARN_BLOCK_CAPTURE_AUTORELEASING = YES;
				CLANG_WARN_BOOL_CONVERSION = YES;
				CLANG_WARN_COMMA = YES;
				CLANG_WARN_CONSTANT_CONVERSION = YES;
				CLANG_WARN_DEPRECATED_OBJC_IMPLEMENTATIONS = YES;
				CLANG_WARN_DIRECT_OBJC_ISA_USAGE = YES_ERROR;
				CLANG_WARN_DOCUMENTATION_COMMENTS = YES;
				CLANG_WARN_EMPTY_BODY = YES;
				CLANG_WARN_ENUM_CONVERSION = YES;
				CLANG_WARN_INFINITE_RECURSION = YES;
				CLANG_WARN_INT_CONVERSION = YES;
				CLANG_WARN_NON_LITERAL_NULL_CONVERSION = YES;
				CLANG_WARN_OBJC_IMPLICIT_RETAIN_SELF = YES;
				CLANG_WARN_OBJC_LITERAL_CONVERSION = YES;
				CLANG_WARN_OBJC_ROOT_CLASS = YES_ERROR;
				CLANG_WARN_RANGE_LOOP_ANALYSIS = YES;
				CLANG_WARN_STRICT_PROTOTYPES = YES;
				CLANG_WARN_SUSPICIOUS_MOVE = YES;
				CLANG_WARN_UNGUARDED_AVAILABILITY = YES_AGGRESSIVE;
				CLANG_WARN_UNREACHABLE_CODE = YES;
				CLANG_WARN__DUPLICATE_METHOD_MATCH = YES;
				CODE_SIGN_IDENTITY = "iPhone Developer";
				COPY_PHASE_STRIP = NO;
				DEBUG_INFORMATION_FORMAT = "dwarf-with-dsym";
				ENABLE_NS_ASSERTIONS = NO;
				ENABLE_STRICT_OBJC_MSGSEND = YES;
				GCC_C_LANGUAGE_STANDARD = gnu11;
				GCC_NO_COMMON_BLOCKS = YES;
				GCC_WARN_64_TO_32_BIT_CONVERSION = YES;
				GCC_WARN_ABOUT_RETURN_TYPE = YES_ERROR;
				GCC_WARN_UNDECLARED_SELECTOR = YES;
				GCC_WARN_UNINITIALIZED_AUTOS = YES_AGGRESSIVE;
				GCC_WARN_UNUSED_FUNCTION = YES;
				GCC_WARN_UNUSED_VARIABLE = YES;
				IPHONEOS_DEPLOYMENT_TARGET = 11.3;
				MTL_ENABLE_DEBUG_INFO = NO;
				SDKROOT = iphoneos;
				SWIFT_COMPILATION_MODE = wholemodule;
				SWIFT_OPTIMIZATION_LEVEL = "-O";
				VALIDATE_PRODUCT = YES;
			};
			name = Release;
		};
		AC6C1C0420981C7B001DB361 /* Debug */ = {
			isa = XCBuildConfiguration;
			buildSettings = {
				ASSETCATALOG_COMPILER_APPICON_NAME = AppIcon;
				CODE_SIGN_STYLE = Automatic;
				DEVELOPMENT_TEAM = 2QZXZME53M;
				INFOPLIST_FILE = Fenrir_2019/Info.plist;
				IPHONEOS_DEPLOYMENT_TARGET = 9.3;
				LD_RUNPATH_SEARCH_PATHS = (
					"$(inherited)",
					"@executable_path/Frameworks",
				);
				PRODUCT_BUNDLE_IDENTIFIER = "com.jec.17cm0219.Fenrir-2019";
				PRODUCT_NAME = "$(TARGET_NAME)";
				SWIFT_VERSION = 4.0;
				TARGETED_DEVICE_FAMILY = "1,2";
			};
			name = Debug;
		};
		AC6C1C0520981C7B001DB361 /* Release */ = {
			isa = XCBuildConfiguration;
			buildSettings = {
				ASSETCATALOG_COMPILER_APPICON_NAME = AppIcon;
				CODE_SIGN_STYLE = Automatic;
				DEVELOPMENT_TEAM = 2QZXZME53M;
				INFOPLIST_FILE = Fenrir_2019/Info.plist;
				IPHONEOS_DEPLOYMENT_TARGET = 9.3;
				LD_RUNPATH_SEARCH_PATHS = (
					"$(inherited)",
					"@executable_path/Frameworks",
				);
				PRODUCT_BUNDLE_IDENTIFIER = "com.jec.17cm0219.Fenrir-2019";
				PRODUCT_NAME = "$(TARGET_NAME)";
				SWIFT_VERSION = 4.0;
				TARGETED_DEVICE_FAMILY = "1,2";
			};
			name = Release;
		};
/* End XCBuildConfiguration section */

/* Begin XCConfigurationList section */
		AC6C1BEC20981C77001DB361 /* Build configuration list for PBXProject "Fenrir_2019" */ = {
			isa = XCConfigurationList;
			buildConfigurations = (
				AC6C1C0120981C7B001DB361 /* Debug */,
				AC6C1C0220981C7B001DB361 /* Release */,
			);
			defaultConfigurationIsVisible = 0;
			defaultConfigurationName = Release;
		};
		AC6C1C0320981C7B001DB361 /* Build configuration list for PBXNativeTarget "Fenrir_2019" */ = {
			isa = XCConfigurationList;
			buildConfigurations = (
				AC6C1C0420981C7B001DB361 /* Debug */,
				AC6C1C0520981C7B001DB361 /* Release */,
			);
			defaultConfigurationIsVisible = 0;
			defaultConfigurationName = Release;
		};
/* End XCConfigurationList section */
	};
	rootObject = AC6C1BE920981C77001DB361 /* Project object */;
}
